
Microsoft Visual Studio Solution File, Format Version 12.00
# Visual Studio Version 17
VisualStudioVersion = 17.0.31903.59
MinimumVisualStudioVersion = 10.0.40219.1
Project("{FAE04EC0-301F-11D3-BF4B-00C04F79EFBC}") = "Cqrs", "Cqrs\Cqrs.csproj", "{C6DF8466-AEEA-4861-9CC5-C1BE52DC61B7}"
EndProject
Project("{2150E333-8FDC-42A3-9474-1A3956D46DE8}") = "Command", "Command", "{6DEC22B6-AD2D-232C-15CA-2E29BFC0A760}"
EndProject
Project("{2150E333-8FDC-42A3-9474-1A3956D46DE8}") = "Pet", "Pet", "{DE281DA6-21CE-EBFB-C67E-DE0B44BE7C24}"
EndProject
Project("{FAE04EC0-301F-11D3-BF4B-00C04F79EFBC}") = "Command.Pet.Api", "Command\Pet\Command.Pet.Api\Command.Pet.Api.csproj", "{0C875983-6BB7-4839-B594-8D856FA768A1}"
EndProject
Project("{FAE04EC0-301F-11D3-BF4B-00C04F79EFBC}") = "Command.Pet.Domain", "Command\Pet\Command.Pet.Domain\Command.Pet.Domain.csproj", "{61200165-E7ED-47CD-8402-7753933B95BD}"
EndProject
Project("{FAE04EC0-301F-11D3-BF4B-00C04F79EFBC}") = "Command.Pet.Infrastructure", "Command\Pet\Command.Pet.Infrastructure\Command.Pet.Infrastructure.csproj", "{1CB4875F-2FB7-43DB-A212-A75605059BBC}"
EndProject
Project("{2150E333-8FDC-42A3-9474-1A3956D46DE8}") = "Query", "Query", "{65EFAC6D-19F9-8D55-5040-B8CC5FE95569}"
EndProject
Project("{2150E333-8FDC-42A3-9474-1A3956D46DE8}") = "Pet", "Pet", "{C10C6DD6-BDD8-BD14-4DC9-B04892B9F23B}"
EndProject
Project("{FAE04EC0-301F-11D3-BF4B-00C04F79EFBC}") = "Query.Pet.Api", "Query\Pet\Query.Pet.Api\Query.Pet.Api.csproj", "{F8CE0426-D7FC-4FB7-B6CA-0E819B6493B0}"
EndProject
Project("{FAE04EC0-301F-11D3-BF4B-00C04F79EFBC}") = "Query.Pet.Domain", "Query\Pet\Query.Pet.Domain\Query.Pet.Domain.csproj", "{7327331C-DFD2-4640-9C06-2CDD4BD6E953}"
EndProject
Project("{FAE04EC0-301F-11D3-BF4B-00C04F79EFBC}") = "Query.Pet.Infrastructure", "Query\Pet\Query.Pet.Infrastructure\Query.Pet.Infrastructure.csproj", "{AF8DAF92-3549-4944-A3B1-94FB6E1DE225}"
EndProject
Project("{FAE04EC0-301F-11D3-BF4B-00C04F79EFBC}") = "Command.Pet.Api.Tests", "Command\Pet\Command.Pet.Api.Tests\Command.Pet.Api.Tests.csproj", "{AAF3BA97-0E63-438A-8F00-4E70C625D4F4}"
EndProject
Project("{FAE04EC0-301F-11D3-BF4B-00C04F79EFBC}") = "Command.Pet.Api.Tests.Integration", "Command\Pet\Command.Pet.Api.Tests.Integration\Command.Pet.Api.Tests.Integration.csproj", "{BC79B2EB-AB12-4519-AF35-53F12F7E8BC9}"
EndProject
Project("{2150E333-8FDC-42A3-9474-1A3956D46DE8}") = "Sitter", "Sitter", "{BE6B1E93-FBBD-117D-6B6A-02CB839F8929}"
EndProject
Project("{FAE04EC0-301F-11D3-BF4B-00C04F79EFBC}") = "Command.Sitter.Api", "Command\Sitter\Command.Sitter.Api\Command.Sitter.Api.csproj", "{F6DF6DAE-5FF8-4210-BF81-7303CD615F69}"
EndProject
Project("{FAE04EC0-301F-11D3-BF4B-00C04F79EFBC}") = "Command.Sitter.Infrastructure", "Command\Sitter\Command.Sitter.Infrastructure\Command.Sitter.Infrastructure.csproj", "{D309D8EC-C2A4-43C1-AD2F-B6611B0EADCB}"
EndProject
Project("{FAE04EC0-301F-11D3-BF4B-00C04F79EFBC}") = "Command.Sitter.Domain", "Command\Sitter\Command.Sitter.Domain\Command.Sitter.Domain.csproj", "{23FFBD2A-6232-4231-84D7-C9F778A2BB10}"
EndProject
Project("{2150E333-8FDC-42A3-9474-1A3956D46DE8}") = "Sitter", "Sitter", "{25837496-B8DD-F61F-67FA-C431CA732E3E}"
EndProject
Project("{FAE04EC0-301F-11D3-BF4B-00C04F79EFBC}") = "Query.Sitter.Api", "Query\Sitter\Query.Sitter.Api\Query.Sitter.Api.csproj", "{8B3EA15E-4F0F-4B2D-9B22-7B663B3CD876}"
EndProject
Project("{FAE04EC0-301F-11D3-BF4B-00C04F79EFBC}") = "Query.Sitter.Domain", "Query\Sitter\Query.Sitter.Domain\Query.Sitter.Domain.csproj", "{B6D20F48-207E-4B24-A7B8-B5C076A9A4C1}"
EndProject
Project("{FAE04EC0-301F-11D3-BF4B-00C04F79EFBC}") = "Query.Sitter.Infrastructure", "Query\Sitter\Query.Sitter.Infrastructure\Query.Sitter.Infrastructure.csproj", "{6AC8ADF4-B65E-4B0D-A5E2-9FDEEAFF7426}"
EndProject
Global
	GlobalSection(SolutionConfigurationPlatforms) = preSolution
		Debug|Any CPU = Debug|Any CPU
		Debug|x64 = Debug|x64
		Debug|x86 = Debug|x86
		Release|Any CPU = Release|Any CPU
		Release|x64 = Release|x64
		Release|x86 = Release|x86
	EndGlobalSection
	GlobalSection(ProjectConfigurationPlatforms) = postSolution
		{C6DF8466-AEEA-4861-9CC5-C1BE52DC61B7}.Debug|Any CPU.ActiveCfg = Debug|Any CPU
		{C6DF8466-AEEA-4861-9CC5-C1BE52DC61B7}.Debug|Any CPU.Build.0 = Debug|Any CPU
		{C6DF8466-AEEA-4861-9CC5-C1BE52DC61B7}.Debug|x64.ActiveCfg = Debug|Any CPU
		{C6DF8466-AEEA-4861-9CC5-C1BE52DC61B7}.Debug|x64.Build.0 = Debug|Any CPU
		{C6DF8466-AEEA-4861-9CC5-C1BE52DC61B7}.Debug|x86.ActiveCfg = Debug|Any CPU
		{C6DF8466-AEEA-4861-9CC5-C1BE52DC61B7}.Debug|x86.Build.0 = Debug|Any CPU
		{C6DF8466-AEEA-4861-9CC5-C1BE52DC61B7}.Release|Any CPU.ActiveCfg = Release|Any CPU
		{C6DF8466-AEEA-4861-9CC5-C1BE52DC61B7}.Release|Any CPU.Build.0 = Release|Any CPU
		{C6DF8466-AEEA-4861-9CC5-C1BE52DC61B7}.Release|x64.ActiveCfg = Release|Any CPU
		{C6DF8466-AEEA-4861-9CC5-C1BE52DC61B7}.Release|x64.Build.0 = Release|Any CPU
		{C6DF8466-AEEA-4861-9CC5-C1BE52DC61B7}.Release|x86.ActiveCfg = Release|Any CPU
		{C6DF8466-AEEA-4861-9CC5-C1BE52DC61B7}.Release|x86.Build.0 = Release|Any CPU
		{0C875983-6BB7-4839-B594-8D856FA768A1}.Debug|Any CPU.ActiveCfg = Debug|Any CPU
		{0C875983-6BB7-4839-B594-8D856FA768A1}.Debug|Any CPU.Build.0 = Debug|Any CPU
		{0C875983-6BB7-4839-B594-8D856FA768A1}.Debug|x64.ActiveCfg = Debug|Any CPU
		{0C875983-6BB7-4839-B594-8D856FA768A1}.Debug|x64.Build.0 = Debug|Any CPU
		{0C875983-6BB7-4839-B594-8D856FA768A1}.Debug|x86.ActiveCfg = Debug|Any CPU
		{0C875983-6BB7-4839-B594-8D856FA768A1}.Debug|x86.Build.0 = Debug|Any CPU
		{0C875983-6BB7-4839-B594-8D856FA768A1}.Release|Any CPU.ActiveCfg = Release|Any CPU
		{0C875983-6BB7-4839-B594-8D856FA768A1}.Release|Any CPU.Build.0 = Release|Any CPU
		{0C875983-6BB7-4839-B594-8D856FA768A1}.Release|x64.ActiveCfg = Release|Any CPU
		{0C875983-6BB7-4839-B594-8D856FA768A1}.Release|x64.Build.0 = Release|Any CPU
		{0C875983-6BB7-4839-B594-8D856FA768A1}.Release|x86.ActiveCfg = Release|Any CPU
		{0C875983-6BB7-4839-B594-8D856FA768A1}.Release|x86.Build.0 = Release|Any CPU
		{61200165-E7ED-47CD-8402-7753933B95BD}.Debug|Any CPU.ActiveCfg = Debug|Any CPU
		{61200165-E7ED-47CD-8402-7753933B95BD}.Debug|Any CPU.Build.0 = Debug|Any CPU
		{61200165-E7ED-47CD-8402-7753933B95BD}.Debug|x64.ActiveCfg = Debug|Any CPU
		{61200165-E7ED-47CD-8402-7753933B95BD}.Debug|x64.Build.0 = Debug|Any CPU
		{61200165-E7ED-47CD-8402-7753933B95BD}.Debug|x86.ActiveCfg = Debug|Any CPU
		{61200165-E7ED-47CD-8402-7753933B95BD}.Debug|x86.Build.0 = Debug|Any CPU
		{61200165-E7ED-47CD-8402-7753933B95BD}.Release|Any CPU.ActiveCfg = Release|Any CPU
		{61200165-E7ED-47CD-8402-7753933B95BD}.Release|Any CPU.Build.0 = Release|Any CPU
		{61200165-E7ED-47CD-8402-7753933B95BD}.Release|x64.ActiveCfg = Release|Any CPU
		{61200165-E7ED-47CD-8402-7753933B95BD}.Release|x64.Build.0 = Release|Any CPU
		{61200165-E7ED-47CD-8402-7753933B95BD}.Release|x86.ActiveCfg = Release|Any CPU
		{61200165-E7ED-47CD-8402-7753933B95BD}.Release|x86.Build.0 = Release|Any CPU
		{1CB4875F-2FB7-43DB-A212-A75605059BBC}.Debug|Any CPU.ActiveCfg = Debug|Any CPU
		{1CB4875F-2FB7-43DB-A212-A75605059BBC}.Debug|Any CPU.Build.0 = Debug|Any CPU
		{1CB4875F-2FB7-43DB-A212-A75605059BBC}.Debug|x64.ActiveCfg = Debug|Any CPU
		{1CB4875F-2FB7-43DB-A212-A75605059BBC}.Debug|x64.Build.0 = Debug|Any CPU
		{1CB4875F-2FB7-43DB-A212-A75605059BBC}.Debug|x86.ActiveCfg = Debug|Any CPU
		{1CB4875F-2FB7-43DB-A212-A75605059BBC}.Debug|x86.Build.0 = Debug|Any CPU
		{1CB4875F-2FB7-43DB-A212-A75605059BBC}.Release|Any CPU.ActiveCfg = Release|Any CPU
		{1CB4875F-2FB7-43DB-A212-A75605059BBC}.Release|Any CPU.Build.0 = Release|Any CPU
		{1CB4875F-2FB7-43DB-A212-A75605059BBC}.Release|x64.ActiveCfg = Release|Any CPU
		{1CB4875F-2FB7-43DB-A212-A75605059BBC}.Release|x64.Build.0 = Release|Any CPU
		{1CB4875F-2FB7-43DB-A212-A75605059BBC}.Release|x86.ActiveCfg = Release|Any CPU
		{1CB4875F-2FB7-43DB-A212-A75605059BBC}.Release|x86.Build.0 = Release|Any CPU
		{F8CE0426-D7FC-4FB7-B6CA-0E819B6493B0}.Debug|Any CPU.ActiveCfg = Debug|Any CPU
		{F8CE0426-D7FC-4FB7-B6CA-0E819B6493B0}.Debug|Any CPU.Build.0 = Debug|Any CPU
		{F8CE0426-D7FC-4FB7-B6CA-0E819B6493B0}.Debug|x64.ActiveCfg = Debug|Any CPU
		{F8CE0426-D7FC-4FB7-B6CA-0E819B6493B0}.Debug|x64.Build.0 = Debug|Any CPU
		{F8CE0426-D7FC-4FB7-B6CA-0E819B6493B0}.Debug|x86.ActiveCfg = Debug|Any CPU
		{F8CE0426-D7FC-4FB7-B6CA-0E819B6493B0}.Debug|x86.Build.0 = Debug|Any CPU
		{F8CE0426-D7FC-4FB7-B6CA-0E819B6493B0}.Release|Any CPU.ActiveCfg = Release|Any CPU
		{F8CE0426-D7FC-4FB7-B6CA-0E819B6493B0}.Release|Any CPU.Build.0 = Release|Any CPU
		{F8CE0426-D7FC-4FB7-B6CA-0E819B6493B0}.Release|x64.ActiveCfg = Release|Any CPU
		{F8CE0426-D7FC-4FB7-B6CA-0E819B6493B0}.Release|x64.Build.0 = Release|Any CPU
		{F8CE0426-D7FC-4FB7-B6CA-0E819B6493B0}.Release|x86.ActiveCfg = Release|Any CPU
		{F8CE0426-D7FC-4FB7-B6CA-0E819B6493B0}.Release|x86.Build.0 = Release|Any CPU
		{7327331C-DFD2-4640-9C06-2CDD4BD6E953}.Debug|Any CPU.ActiveCfg = Debug|Any CPU
		{7327331C-DFD2-4640-9C06-2CDD4BD6E953}.Debug|Any CPU.Build.0 = Debug|Any CPU
		{7327331C-DFD2-4640-9C06-2CDD4BD6E953}.Debug|x64.ActiveCfg = Debug|Any CPU
		{7327331C-DFD2-4640-9C06-2CDD4BD6E953}.Debug|x64.Build.0 = Debug|Any CPU
		{7327331C-DFD2-4640-9C06-2CDD4BD6E953}.Debug|x86.ActiveCfg = Debug|Any CPU
		{7327331C-DFD2-4640-9C06-2CDD4BD6E953}.Debug|x86.Build.0 = Debug|Any CPU
		{7327331C-DFD2-4640-9C06-2CDD4BD6E953}.Release|Any CPU.ActiveCfg = Release|Any CPU
		{7327331C-DFD2-4640-9C06-2CDD4BD6E953}.Release|Any CPU.Build.0 = Release|Any CPU
		{7327331C-DFD2-4640-9C06-2CDD4BD6E953}.Release|x64.ActiveCfg = Release|Any CPU
		{7327331C-DFD2-4640-9C06-2CDD4BD6E953}.Release|x64.Build.0 = Release|Any CPU
		{7327331C-DFD2-4640-9C06-2CDD4BD6E953}.Release|x86.ActiveCfg = Release|Any CPU
		{7327331C-DFD2-4640-9C06-2CDD4BD6E953}.Release|x86.Build.0 = Release|Any CPU
		{AF8DAF92-3549-4944-A3B1-94FB6E1DE225}.Debug|Any CPU.ActiveCfg = Debug|Any CPU
		{AF8DAF92-3549-4944-A3B1-94FB6E1DE225}.Debug|Any CPU.Build.0 = Debug|Any CPU
		{AF8DAF92-3549-4944-A3B1-94FB6E1DE225}.Debug|x64.ActiveCfg = Debug|Any CPU
		{AF8DAF92-3549-4944-A3B1-94FB6E1DE225}.Debug|x64.Build.0 = Debug|Any CPU
		{AF8DAF92-3549-4944-A3B1-94FB6E1DE225}.Debug|x86.ActiveCfg = Debug|Any CPU
		{AF8DAF92-3549-4944-A3B1-94FB6E1DE225}.Debug|x86.Build.0 = Debug|Any CPU
		{AF8DAF92-3549-4944-A3B1-94FB6E1DE225}.Release|Any CPU.ActiveCfg = Release|Any CPU
		{AF8DAF92-3549-4944-A3B1-94FB6E1DE225}.Release|Any CPU.Build.0 = Release|Any CPU
		{AF8DAF92-3549-4944-A3B1-94FB6E1DE225}.Release|x64.ActiveCfg = Release|Any CPU
		{AF8DAF92-3549-4944-A3B1-94FB6E1DE225}.Release|x64.Build.0 = Release|Any CPU
		{AF8DAF92-3549-4944-A3B1-94FB6E1DE225}.Release|x86.ActiveCfg = Release|Any CPU
		{AF8DAF92-3549-4944-A3B1-94FB6E1DE225}.Release|x86.Build.0 = Release|Any CPU
		{AAF3BA97-0E63-438A-8F00-4E70C625D4F4}.Debug|Any CPU.ActiveCfg = Debug|Any CPU
		{AAF3BA97-0E63-438A-8F00-4E70C625D4F4}.Debug|Any CPU.Build.0 = Debug|Any CPU
		{AAF3BA97-0E63-438A-8F00-4E70C625D4F4}.Debug|x64.ActiveCfg = Debug|Any CPU
		{AAF3BA97-0E63-438A-8F00-4E70C625D4F4}.Debug|x64.Build.0 = Debug|Any CPU
		{AAF3BA97-0E63-438A-8F00-4E70C625D4F4}.Debug|x86.ActiveCfg = Debug|Any CPU
		{AAF3BA97-0E63-438A-8F00-4E70C625D4F4}.Debug|x86.Build.0 = Debug|Any CPU
		{AAF3BA97-0E63-438A-8F00-4E70C625D4F4}.Release|Any CPU.ActiveCfg = Release|Any CPU
		{AAF3BA97-0E63-438A-8F00-4E70C625D4F4}.Release|Any CPU.Build.0 = Release|Any CPU
		{AAF3BA97-0E63-438A-8F00-4E70C625D4F4}.Release|x64.ActiveCfg = Release|Any CPU
		{AAF3BA97-0E63-438A-8F00-4E70C625D4F4}.Release|x64.Build.0 = Release|Any CPU
		{AAF3BA97-0E63-438A-8F00-4E70C625D4F4}.Release|x86.ActiveCfg = Release|Any CPU
		{AAF3BA97-0E63-438A-8F00-4E70C625D4F4}.Release|x86.Build.0 = Release|Any CPU
		{BC79B2EB-AB12-4519-AF35-53F12F7E8BC9}.Debug|Any CPU.ActiveCfg = Debug|Any CPU
		{BC79B2EB-AB12-4519-AF35-53F12F7E8BC9}.Debug|Any CPU.Build.0 = Debug|Any CPU
		{BC79B2EB-AB12-4519-AF35-53F12F7E8BC9}.Debug|x64.ActiveCfg = Debug|Any CPU
		{BC79B2EB-AB12-4519-AF35-53F12F7E8BC9}.Debug|x64.Build.0 = Debug|Any CPU
		{BC79B2EB-AB12-4519-AF35-53F12F7E8BC9}.Debug|x86.ActiveCfg = Debug|Any CPU
		{BC79B2EB-AB12-4519-AF35-53F12F7E8BC9}.Debug|x86.Build.0 = Debug|Any CPU
		{BC79B2EB-AB12-4519-AF35-53F12F7E8BC9}.Release|Any CPU.ActiveCfg = Release|Any CPU
		{BC79B2EB-AB12-4519-AF35-53F12F7E8BC9}.Release|Any CPU.Build.0 = Release|Any CPU
		{BC79B2EB-AB12-4519-AF35-53F12F7E8BC9}.Release|x64.ActiveCfg = Release|Any CPU
		{BC79B2EB-AB12-4519-AF35-53F12F7E8BC9}.Release|x64.Build.0 = Release|Any CPU
		{BC79B2EB-AB12-4519-AF35-53F12F7E8BC9}.Release|x86.ActiveCfg = Release|Any CPU
		{BC79B2EB-AB12-4519-AF35-53F12F7E8BC9}.Release|x86.Build.0 = Release|Any CPU
		{F6DF6DAE-5FF8-4210-BF81-7303CD615F69}.Debug|Any CPU.ActiveCfg = Debug|Any CPU
		{F6DF6DAE-5FF8-4210-BF81-7303CD615F69}.Debug|Any CPU.Build.0 = Debug|Any CPU
		{F6DF6DAE-5FF8-4210-BF81-7303CD615F69}.Debug|x64.ActiveCfg = Debug|Any CPU
		{F6DF6DAE-5FF8-4210-BF81-7303CD615F69}.Debug|x64.Build.0 = Debug|Any CPU
		{F6DF6DAE-5FF8-4210-BF81-7303CD615F69}.Debug|x86.ActiveCfg = Debug|Any CPU
		{F6DF6DAE-5FF8-4210-BF81-7303CD615F69}.Debug|x86.Build.0 = Debug|Any CPU
		{F6DF6DAE-5FF8-4210-BF81-7303CD615F69}.Release|Any CPU.ActiveCfg = Release|Any CPU
		{F6DF6DAE-5FF8-4210-BF81-7303CD615F69}.Release|Any CPU.Build.0 = Release|Any CPU
		{F6DF6DAE-5FF8-4210-BF81-7303CD615F69}.Release|x64.ActiveCfg = Release|Any CPU
		{F6DF6DAE-5FF8-4210-BF81-7303CD615F69}.Release|x64.Build.0 = Release|Any CPU
		{F6DF6DAE-5FF8-4210-BF81-7303CD615F69}.Release|x86.ActiveCfg = Release|Any CPU
		{F6DF6DAE-5FF8-4210-BF81-7303CD615F69}.Release|x86.Build.0 = Release|Any CPU
		{D309D8EC-C2A4-43C1-AD2F-B6611B0EADCB}.Debug|Any CPU.ActiveCfg = Debug|Any CPU
		{D309D8EC-C2A4-43C1-AD2F-B6611B0EADCB}.Debug|Any CPU.Build.0 = Debug|Any CPU
		{D309D8EC-C2A4-43C1-AD2F-B6611B0EADCB}.Debug|x64.ActiveCfg = Debug|Any CPU
		{D309D8EC-C2A4-43C1-AD2F-B6611B0EADCB}.Debug|x64.Build.0 = Debug|Any CPU
		{D309D8EC-C2A4-43C1-AD2F-B6611B0EADCB}.Debug|x86.ActiveCfg = Debug|Any CPU
		{D309D8EC-C2A4-43C1-AD2F-B6611B0EADCB}.Debug|x86.Build.0 = Debug|Any CPU
		{D309D8EC-C2A4-43C1-AD2F-B6611B0EADCB}.Release|Any CPU.ActiveCfg = Release|Any CPU
		{D309D8EC-C2A4-43C1-AD2F-B6611B0EADCB}.Release|Any CPU.Build.0 = Release|Any CPU
		{D309D8EC-C2A4-43C1-AD2F-B6611B0EADCB}.Release|x64.ActiveCfg = Release|Any CPU
		{D309D8EC-C2A4-43C1-AD2F-B6611B0EADCB}.Release|x64.Build.0 = Release|Any CPU
		{D309D8EC-C2A4-43C1-AD2F-B6611B0EADCB}.Release|x86.ActiveCfg = Release|Any CPU
		{D309D8EC-C2A4-43C1-AD2F-B6611B0EADCB}.Release|x86.Build.0 = Release|Any CPU
		{23FFBD2A-6232-4231-84D7-C9F778A2BB10}.Debug|Any CPU.ActiveCfg = Debug|Any CPU
		{23FFBD2A-6232-4231-84D7-C9F778A2BB10}.Debug|Any CPU.Build.0 = Debug|Any CPU
		{23FFBD2A-6232-4231-84D7-C9F778A2BB10}.Debug|x64.ActiveCfg = Debug|Any CPU
		{23FFBD2A-6232-4231-84D7-C9F778A2BB10}.Debug|x64.Build.0 = Debug|Any CPU
		{23FFBD2A-6232-4231-84D7-C9F778A2BB10}.Debug|x86.ActiveCfg = Debug|Any CPU
		{23FFBD2A-6232-4231-84D7-C9F778A2BB10}.Debug|x86.Build.0 = Debug|Any CPU
		{23FFBD2A-6232-4231-84D7-C9F778A2BB10}.Release|Any CPU.ActiveCfg = Release|Any CPU
		{23FFBD2A-6232-4231-84D7-C9F778A2BB10}.Release|Any CPU.Build.0 = Release|Any CPU
		{23FFBD2A-6232-4231-84D7-C9F778A2BB10}.Release|x64.ActiveCfg = Release|Any CPU
		{23FFBD2A-6232-4231-84D7-C9F778A2BB10}.Release|x64.Build.0 = Release|Any CPU
		{23FFBD2A-6232-4231-84D7-C9F778A2BB10}.Release|x86.ActiveCfg = Release|Any CPU
		{23FFBD2A-6232-4231-84D7-C9F778A2BB10}.Release|x86.Build.0 = Release|Any CPU
		{8B3EA15E-4F0F-4B2D-9B22-7B663B3CD876}.Debug|Any CPU.ActiveCfg = Debug|Any CPU
		{8B3EA15E-4F0F-4B2D-9B22-7B663B3CD876}.Debug|Any CPU.Build.0 = Debug|Any CPU
		{8B3EA15E-4F0F-4B2D-9B22-7B663B3CD876}.Debug|x64.ActiveCfg = Debug|Any CPU
		{8B3EA15E-4F0F-4B2D-9B22-7B663B3CD876}.Debug|x64.Build.0 = Debug|Any CPU
		{8B3EA15E-4F0F-4B2D-9B22-7B663B3CD876}.Debug|x86.ActiveCfg = Debug|Any CPU
		{8B3EA15E-4F0F-4B2D-9B22-7B663B3CD876}.Debug|x86.Build.0 = Debug|Any CPU
		{8B3EA15E-4F0F-4B2D-9B22-7B663B3CD876}.Release|Any CPU.ActiveCfg = Release|Any CPU
		{8B3EA15E-4F0F-4B2D-9B22-7B663B3CD876}.Release|Any CPU.Build.0 = Release|Any CPU
		{8B3EA15E-4F0F-4B2D-9B22-7B663B3CD876}.Release|x64.ActiveCfg = Release|Any CPU
		{8B3EA15E-4F0F-4B2D-9B22-7B663B3CD876}.Release|x64.Build.0 = Release|Any CPU
		{8B3EA15E-4F0F-4B2D-9B22-7B663B3CD876}.Release|x86.ActiveCfg = Release|Any CPU
		{8B3EA15E-4F0F-4B2D-9B22-7B663B3CD876}.Release|x86.Build.0 = Release|Any CPU
		{B6D20F48-207E-4B24-A7B8-B5C076A9A4C1}.Debug|Any CPU.ActiveCfg = Debug|Any CPU
		{B6D20F48-207E-4B24-A7B8-B5C076A9A4C1}.Debug|Any CPU.Build.0 = Debug|Any CPU
		{B6D20F48-207E-4B24-A7B8-B5C076A9A4C1}.Debug|x64.ActiveCfg = Debug|Any CPU
		{B6D20F48-207E-4B24-A7B8-B5C076A9A4C1}.Debug|x64.Build.0 = Debug|Any CPU
		{B6D20F48-207E-4B24-A7B8-B5C076A9A4C1}.Debug|x86.ActiveCfg = Debug|Any CPU
		{B6D20F48-207E-4B24-A7B8-B5C076A9A4C1}.Debug|x86.Build.0 = Debug|Any CPU
		{B6D20F48-207E-4B24-A7B8-B5C076A9A4C1}.Release|Any CPU.ActiveCfg = Release|Any CPU
		{B6D20F48-207E-4B24-A7B8-B5C076A9A4C1}.Release|Any CPU.Build.0 = Release|Any CPU
		{B6D20F48-207E-4B24-A7B8-B5C076A9A4C1}.Release|x64.ActiveCfg = Release|Any CPU
		{B6D20F48-207E-4B24-A7B8-B5C076A9A4C1}.Release|x64.Build.0 = Release|Any CPU
		{B6D20F48-207E-4B24-A7B8-B5C076A9A4C1}.Release|x86.ActiveCfg = Release|Any CPU
		{B6D20F48-207E-4B24-A7B8-B5C076A9A4C1}.Release|x86.Build.0 = Release|Any CPU
		{6AC8ADF4-B65E-4B0D-A5E2-9FDEEAFF7426}.Debug|Any CPU.ActiveCfg = Debug|Any CPU
		{6AC8ADF4-B65E-4B0D-A5E2-9FDEEAFF7426}.Debug|Any CPU.Build.0 = Debug|Any CPU
		{6AC8ADF4-B65E-4B0D-A5E2-9FDEEAFF7426}.Debug|x64.ActiveCfg = Debug|Any CPU
		{6AC8ADF4-B65E-4B0D-A5E2-9FDEEAFF7426}.Debug|x64.Build.0 = Debug|Any CPU
		{6AC8ADF4-B65E-4B0D-A5E2-9FDEEAFF7426}.Debug|x86.ActiveCfg = Debug|Any CPU
		{6AC8ADF4-B65E-4B0D-A5E2-9FDEEAFF7426}.Debug|x86.Build.0 = Debug|Any CPU
		{6AC8ADF4-B65E-4B0D-A5E2-9FDEEAFF7426}.Release|Any CPU.ActiveCfg = Release|Any CPU
		{6AC8ADF4-B65E-4B0D-A5E2-9FDEEAFF7426}.Release|Any CPU.Build.0 = Release|Any CPU
		{6AC8ADF4-B65E-4B0D-A5E2-9FDEEAFF7426}.Release|x64.ActiveCfg = Release|Any CPU
		{6AC8ADF4-B65E-4B0D-A5E2-9FDEEAFF7426}.Release|x64.Build.0 = Release|Any CPU
		{6AC8ADF4-B65E-4B0D-A5E2-9FDEEAFF7426}.Release|x86.ActiveCfg = Release|Any CPU
		{6AC8ADF4-B65E-4B0D-A5E2-9FDEEAFF7426}.Release|x86.Build.0 = Release|Any CPU
	EndGlobalSection
	GlobalSection(SolutionProperties) = preSolution
		HideSolutionNode = FALSE
	EndGlobalSection
	GlobalSection(NestedProjects) = preSolution
		{DE281DA6-21CE-EBFB-C67E-DE0B44BE7C24} = {6DEC22B6-AD2D-232C-15CA-2E29BFC0A760}
		{0C875983-6BB7-4839-B594-8D856FA768A1} = {DE281DA6-21CE-EBFB-C67E-DE0B44BE7C24}
		{61200165-E7ED-47CD-8402-7753933B95BD} = {DE281DA6-21CE-EBFB-C67E-DE0B44BE7C24}
		{1CB4875F-2FB7-43DB-A212-A75605059BBC} = {DE281DA6-21CE-EBFB-C67E-DE0B44BE7C24}
		{C10C6DD6-BDD8-BD14-4DC9-B04892B9F23B} = {65EFAC6D-19F9-8D55-5040-B8CC5FE95569}
		{F8CE0426-D7FC-4FB7-B6CA-0E819B6493B0} = {C10C6DD6-BDD8-BD14-4DC9-B04892B9F23B}
		{7327331C-DFD2-4640-9C06-2CDD4BD6E953} = {C10C6DD6-BDD8-BD14-4DC9-B04892B9F23B}
		{AF8DAF92-3549-4944-A3B1-94FB6E1DE225} = {C10C6DD6-BDD8-BD14-4DC9-B04892B9F23B}
		{AAF3BA97-0E63-438A-8F00-4E70C625D4F4} = {DE281DA6-21CE-EBFB-C67E-DE0B44BE7C24}
		{BC79B2EB-AB12-4519-AF35-53F12F7E8BC9} = {DE281DA6-21CE-EBFB-C67E-DE0B44BE7C24}
		{BE6B1E93-FBBD-117D-6B6A-02CB839F8929} = {6DEC22B6-AD2D-232C-15CA-2E29BFC0A760}
		{F6DF6DAE-5FF8-4210-BF81-7303CD615F69} = {BE6B1E93-FBBD-117D-6B6A-02CB839F8929}
		{D309D8EC-C2A4-43C1-AD2F-B6611B0EADCB} = {BE6B1E93-FBBD-117D-6B6A-02CB839F8929}
		{23FFBD2A-6232-4231-84D7-C9F778A2BB10} = {BE6B1E93-FBBD-117D-6B6A-02CB839F8929}
		{25837496-B8DD-F61F-67FA-C431CA732E3E} = {65EFAC6D-19F9-8D55-5040-B8CC5FE95569}
		{8B3EA15E-4F0F-4B2D-9B22-7B663B3CD876} = {25837496-B8DD-F61F-67FA-C431CA732E3E}
		{B6D20F48-207E-4B24-A7B8-B5C076A9A4C1} = {25837496-B8DD-F61F-67FA-C431CA732E3E}
		{6AC8ADF4-B65E-4B0D-A5E2-9FDEEAFF7426} = {25837496-B8DD-F61F-67FA-C431CA732E3E}
	EndGlobalSection
EndGlobal
